# This file is automatically @generated by Wally.
# It is not intended for manual editing.
registry = "test"

[[package]]
name = "breezy1214/ezprofilestore"
version = "0.1.0"
dependencies = [["Fusion", "elttob/fusion@0.3.0"], ["PathWatcher", "breezy1214/pathwatcher@0.1.2"], ["Promise", "evaera/promise@4.0.0"], ["Signal", "sleitnick/signal@2.0.3"], ["ProfileStore", "lm-loleris/profilestore@1.0.3"]]

[[package]]
name = "breezy1214/pathwatcher"
version = "0.1.2"
dependencies = [["Delta-Table", "maximumadhd/delta-table@1.1.0"], ["Fusion", "elttob/fusion@0.3.0"], ["Signal", "sleitnick/signal@2.0.3"], ["Table-util", "sleitnick/table-util@1.2.1"]]

[[package]]
name = "elttob/fusion"
version = "0.3.0"
dependencies = []

[[package]]
name = "evaera/promise"
version = "4.0.0"
dependencies = []

[[package]]
name = "lm-loleris/profilestore"
version = "1.0.3"
dependencies = []

[[package]]
name = "maximumadhd/delta-table"
version = "1.1.0"
dependencies = []

[[package]]
name = "sleitnick/signal"
version = "2.0.3"
dependencies = []

[[package]]
name = "sleitnick/table-util"
version = "1.2.1"
dependencies = []
